
Microsoft Visual Studio Solution File, Format Version 12.00
# Visual Studio 15
VisualStudioVersion = 15.0.26730.16
MinimumVisualStudioVersion = 10.0.40219.1
Project("{9A19103F-16F7-4668-BE54-9A1E7A4F7556}") = "339NestedListWeightSum", "339NestedListWeightSum\339NestedListWeightSum.csproj", "{A7763F3E-9696-4AD3-97E9-733DC2D31B04}"
EndProject
Project("{9A19103F-16F7-4668-BE54-9A1E7A4F7556}") = "461HammingDistance", "461HammingDistance\461HammingDistance.csproj", "{76BFF5BE-A585-40FF-9954-E2587BA6CA36}"
EndProject
Project("{9A19103F-16F7-4668-BE54-9A1E7A4F7556}") = "448FindAllNumbersDisappearedInAnArray", "448FindAllNumbersDisappearedInAnArray\448FindAllNumbersDisappearedInAnArray.csproj", "{5FC88F6D-F282-4ED6-99AF-FC1CC0731719}"
EndProject
Project("{9A19103F-16F7-4668-BE54-9A1E7A4F7556}") = "_1TwoSum", "_1TwoSum\_1TwoSum.csproj", "{5F9F9F49-563D-438C-BE31-C4E25720CDEC}"
EndProject
Project("{9A19103F-16F7-4668-BE54-9A1E7A4F7556}") = "_167TwoSumII", "_167TwoSumII\_167TwoSumII.csproj", "{D3BAF9D5-DED2-4128-9876-4FD5FF5B1918}"
EndProject
Project("{9A19103F-16F7-4668-BE54-9A1E7A4F7556}") = "_170TwoSumIII-DataStructureDesign", "_170TwoSumIII-DataStructureDesign\_170TwoSumIII-DataStructureDesign.csproj", "{AB2AC5A7-DBDA-411F-8F28-DC7E2C79334C}"
EndProject
Project("{FAE04EC0-301F-11D3-BF4B-00C04F79EFBC}") = "_657JudgeRouteCircle", "_657JudgeRouteCircle\_657JudgeRouteCircle.csproj", "{57932C89-AC39-4A06-9AD4-C41E16B7950D}"
EndProject
Project("{FAE04EC0-301F-11D3-BF4B-00C04F79EFBC}") = "_617MergeTwoBinaryTrees", "_617MergeTwoBinaryTrees\_617MergeTwoBinaryTrees.csproj", "{9511D7FA-F665-40B0-8664-43171A474589}"
EndProject
Global
	GlobalSection(SolutionConfigurationPlatforms) = preSolution
		Debug|Any CPU = Debug|Any CPU
		Release|Any CPU = Release|Any CPU
	EndGlobalSection
	GlobalSection(ProjectConfigurationPlatforms) = postSolution
		{A7763F3E-9696-4AD3-97E9-733DC2D31B04}.Debug|Any CPU.ActiveCfg = Debug|Any CPU
		{A7763F3E-9696-4AD3-97E9-733DC2D31B04}.Debug|Any CPU.Build.0 = Debug|Any CPU
		{A7763F3E-9696-4AD3-97E9-733DC2D31B04}.Release|Any CPU.ActiveCfg = Release|Any CPU
		{A7763F3E-9696-4AD3-97E9-733DC2D31B04}.Release|Any CPU.Build.0 = Release|Any CPU
		{76BFF5BE-A585-40FF-9954-E2587BA6CA36}.Debug|Any CPU.ActiveCfg = Debug|Any CPU
		{76BFF5BE-A585-40FF-9954-E2587BA6CA36}.Debug|Any CPU.Build.0 = Debug|Any CPU
		{76BFF5BE-A585-40FF-9954-E2587BA6CA36}.Release|Any CPU.ActiveCfg = Release|Any CPU
		{76BFF5BE-A585-40FF-9954-E2587BA6CA36}.Release|Any CPU.Build.0 = Release|Any CPU
		{5FC88F6D-F282-4ED6-99AF-FC1CC0731719}.Debug|Any CPU.ActiveCfg = Debug|Any CPU
		{5FC88F6D-F282-4ED6-99AF-FC1CC0731719}.Debug|Any CPU.Build.0 = Debug|Any CPU
		{5FC88F6D-F282-4ED6-99AF-FC1CC0731719}.Release|Any CPU.ActiveCfg = Release|Any CPU
		{5FC88F6D-F282-4ED6-99AF-FC1CC0731719}.Release|Any CPU.Build.0 = Release|Any CPU
		{5F9F9F49-563D-438C-BE31-C4E25720CDEC}.Debug|Any CPU.ActiveCfg = Debug|Any CPU
		{5F9F9F49-563D-438C-BE31-C4E25720CDEC}.Debug|Any CPU.Build.0 = Debug|Any CPU
		{5F9F9F49-563D-438C-BE31-C4E25720CDEC}.Release|Any CPU.ActiveCfg = Release|Any CPU
		{5F9F9F49-563D-438C-BE31-C4E25720CDEC}.Release|Any CPU.Build.0 = Release|Any CPU
		{D3BAF9D5-DED2-4128-9876-4FD5FF5B1918}.Debug|Any CPU.ActiveCfg = Debug|Any CPU
		{D3BAF9D5-DED2-4128-9876-4FD5FF5B1918}.Debug|Any CPU.Build.0 = Debug|Any CPU
		{D3BAF9D5-DED2-4128-9876-4FD5FF5B1918}.Release|Any CPU.ActiveCfg = Release|Any CPU
		{D3BAF9D5-DED2-4128-9876-4FD5FF5B1918}.Release|Any CPU.Build.0 = Release|Any CPU
		{AB2AC5A7-DBDA-411F-8F28-DC7E2C79334C}.Debug|Any CPU.ActiveCfg = Debug|Any CPU
		{AB2AC5A7-DBDA-411F-8F28-DC7E2C79334C}.Debug|Any CPU.Build.0 = Debug|Any CPU
		{AB2AC5A7-DBDA-411F-8F28-DC7E2C79334C}.Release|Any CPU.ActiveCfg = Release|Any CPU
		{AB2AC5A7-DBDA-411F-8F28-DC7E2C79334C}.Release|Any CPU.Build.0 = Release|Any CPU
		{57932C89-AC39-4A06-9AD4-C41E16B7950D}.Debug|Any CPU.ActiveCfg = Debug|Any CPU
		{57932C89-AC39-4A06-9AD4-C41E16B7950D}.Debug|Any CPU.Build.0 = Debug|Any CPU
		{57932C89-AC39-4A06-9AD4-C41E16B7950D}.Release|Any CPU.ActiveCfg = Release|Any CPU
		{57932C89-AC39-4A06-9AD4-C41E16B7950D}.Release|Any CPU.Build.0 = Release|Any CPU
		{9511D7FA-F665-40B0-8664-43171A474589}.Debug|Any CPU.ActiveCfg = Debug|Any CPU
		{9511D7FA-F665-40B0-8664-43171A474589}.Debug|Any CPU.Build.0 = Debug|Any CPU
		{9511D7FA-F665-40B0-8664-43171A474589}.Release|Any CPU.ActiveCfg = Release|Any CPU
		{9511D7FA-F665-40B0-8664-43171A474589}.Release|Any CPU.Build.0 = Release|Any CPU
	EndGlobalSection
	GlobalSection(SolutionProperties) = preSolution
		HideSolutionNode = FALSE
	EndGlobalSection
	GlobalSection(ExtensibilityGlobals) = postSolution
		SolutionGuid = {A641FAB5-0D93-48EA-9643-2FDE12F9373D}
	EndGlobalSection
EndGlobal
